
Microsoft Visual Studio Solution File, Format Version 12.00
# Visual Studio Version 16
VisualStudioVersion = 16.6.30114.105
MinimumVisualStudioVersion = 10.0.40219.1
Project("{2150E333-8FDC-42A3-9474-1A3956D46DE8}") = "src", "src", "{B337C91F-7C46-4550-8688-64EE87CDB19D}"
EndProject
Project("{FAE04EC0-301F-11D3-BF4B-00C04F79EFBC}") = "bhmt.examples.excel.api", "src\bhmt.examples.excel.api\bhmt.examples.excel.api.csproj", "{3B01B8CD-9CAD-42AE-9172-B0FF758C561B}"
EndProject
Global
	GlobalSection(SolutionConfigurationPlatforms) = preSolution
		Debug|Any CPU = Debug|Any CPU
		Debug|x64 = Debug|x64
		Debug|x86 = Debug|x86
		Release|Any CPU = Release|Any CPU
		Release|x64 = Release|x64
		Release|x86 = Release|x86
	EndGlobalSection
	GlobalSection(SolutionProperties) = preSolution
		HideSolutionNode = FALSE
	EndGlobalSection
	GlobalSection(ProjectConfigurationPlatforms) = postSolution
		{3B01B8CD-9CAD-42AE-9172-B0FF758C561B}.Debug|Any CPU.ActiveCfg = Debug|Any CPU
		{3B01B8CD-9CAD-42AE-9172-B0FF758C561B}.Debug|Any CPU.Build.0 = Debug|Any CPU
		{3B01B8CD-9CAD-42AE-9172-B0FF758C561B}.Debug|x64.ActiveCfg = Debug|Any CPU
		{3B01B8CD-9CAD-42AE-9172-B0FF758C561B}.Debug|x64.Build.0 = Debug|Any CPU
		{3B01B8CD-9CAD-42AE-9172-B0FF758C561B}.Debug|x86.ActiveCfg = Debug|Any CPU
		{3B01B8CD-9CAD-42AE-9172-B0FF758C561B}.Debug|x86.Build.0 = Debug|Any CPU
		{3B01B8CD-9CAD-42AE-9172-B0FF758C561B}.Release|Any CPU.ActiveCfg = Release|Any CPU
		{3B01B8CD-9CAD-42AE-9172-B0FF758C561B}.Release|Any CPU.Build.0 = Release|Any CPU
		{3B01B8CD-9CAD-42AE-9172-B0FF758C561B}.Release|x64.ActiveCfg = Release|Any CPU
		{3B01B8CD-9CAD-42AE-9172-B0FF758C561B}.Release|x64.Build.0 = Release|Any CPU
		{3B01B8CD-9CAD-42AE-9172-B0FF758C561B}.Release|x86.ActiveCfg = Release|Any CPU
		{3B01B8CD-9CAD-42AE-9172-B0FF758C561B}.Release|x86.Build.0 = Release|Any CPU
	EndGlobalSection
	GlobalSection(NestedProjects) = preSolution
		{3B01B8CD-9CAD-42AE-9172-B0FF758C561B} = {B337C91F-7C46-4550-8688-64EE87CDB19D}
	EndGlobalSection
EndGlobal
